version = 1
revision = 3
requires-python = ">=3.12"

[[package]]
name = "colorama"
version = "0.4.6"
source = { registry = "https://pypi.org/simple" }
sdist = { url = "https://files.pythonhosted.org/packages/d8/53/6f443c9a4a8358a93a6792e2acffb9d9d5cb0a5cfd8802644b7b1c9a02e4/colorama-0.4.6.tar.gz", hash = "sha256:08695f5cb7ed6e0531a20572697297273c47b8cae5a63ffc6d6ed5c201be6e44", size = 27697, upload-time = "2022-10-25T02:36:22.414Z" }
wheels = [
    { url = "https://files.pythonhosted.org/packages/d1/d6/3965ed04c63042e047cb6a3e6ed1a63a35087b6a609aa3a15ed8ac56c221/colorama-0.4.6-py2.py3-none-any.whl", hash = "sha256:4f1d9991f5acc0ca119f9d443620b77f9d6b33703e51011c16baf57afb285fc6", size = 25335, upload-time = "2022-10-25T02:36:20.889Z" },
]

[[package]]
name = "gtdb-genomes"
version = "0.4.0"
source = { editable = "." }
dependencies = [
    { name = "polars" },
    { name = "tqdm" },
]

[package.dev-dependencies]
dev = [
    { name = "pytest" },
]

[package.metadata]
requires-dist = [
    { name = "polars", specifier = ">=1.31.0,<2.0.0" },
    { name = "tqdm", specifier = ">=4.60.0,<5.0.0" },
]

[package.metadata.requires-dev]
dev = [{ name = "pytest", specifier = ">=9.0.0,<10.0.0" }]

[[package]]
name = "iniconfig"
version = "2.3.0"
source = { registry = "https://pypi.org/simple" }
sdist = { url = "https://files.pythonhosted.org/packages/72/34/14ca021ce8e5dfedc35312d08ba8bf51fdd999c576889fc2c24cb97f4f10/iniconfig-2.3.0.tar.gz", hash = "sha256:c76315c77db068650d49c5b56314774a7804df16fee4402c1f19d6d15d8c4730", size = 20503, upload-time = "2025-10-18T21:55:43.219Z" }
wheels = [
    { url = "https://files.pythonhosted.org/packages/cb/b1/3846dd7f199d53cb17f49cba7e651e9ce294d8497c8c150530ed11865bb8/iniconfig-2.3.0-py3-none-any.whl", hash = "sha256:f631c04d2c48c52b84d0d0549c99ff3859c98df65b3101406327ecc7d53fbf12", size = 7484, upload-time = "2025-10-18T21:55:41.639Z" },
]

[[package]]
name = "packaging"
version = "26.0"
source = { registry = "https://pypi.org/simple" }
sdist = { url = "https://files.pythonhosted.org/packages/65/ee/299d360cdc32edc7d2cf530f3accf79c4fca01e96ffc950d8a52213bd8e4/packaging-26.0.tar.gz", hash = "sha256:00243ae351a257117b6a241061796684b084ed1c516a08c48a3f7e147a9d80b4", size = 143416, upload-time = "2026-01-21T20:50:39.064Z" }
wheels = [
    { url = "https://files.pythonhosted.org/packages/b7/b9/c538f279a4e237a006a2c98387d081e9eb060d203d8ed34467cc0f0b9b53/packaging-26.0-py3-none-any.whl", hash = "sha256:b36f1fef9334a5588b4166f8bcd26a14e521f2b55e6b9de3aaa80d3ff7a37529", size = 74366, upload-time = "2026-01-21T20:50:37.788Z" },
]

[[package]]
name = "pluggy"
version = "1.6.0"
source = { registry = "https://pypi.org/simple" }
sdist = { url = "https://files.pythonhosted.org/packages/f9/e2/3e91f31a7d2b083fe6ef3fa267035b518369d9511ffab804f839851d2779/pluggy-1.6.0.tar.gz", hash = "sha256:7dcc130b76258d33b90f61b658791dede3486c3e6bfb003ee5c9bfb396dd22f3", size = 69412, upload-time = "2025-05-15T12:30:07.975Z" }
wheels = [
    { url = "https://files.pythonhosted.org/packages/54/20/4d324d65cc6d9205fabedc306948156824eb9f0ee1633355a8f7ec5c66bf/pluggy-1.6.0-py3-none-any.whl", hash = "sha256:e920276dd6813095e9377c0bc5566d94c932c33b27a3e3945d8389c374dd4746", size = 20538, upload-time = "2025-05-15T12:30:06.134Z" },
]

[[package]]
name = "polars"
version = "1.40.1"
source = { registry = "https://pypi.org/simple" }
dependencies = [
    { name = "polars-runtime-32" },
]
sdist = { url = "https://files.pythonhosted.org/packages/b3/8c/bc9bc948058348ed43117cecc3007cd608f395915dae8a00974579a5dab1/polars-1.40.1.tar.gz", hash = "sha256:ab2694134b137596b5a59bfd7b4c54ebbc9b59f9403127f18e32d363777552e8", size = 733574, upload-time = "2026-04-22T19:15:55.507Z" }
wheels = [
    { url = "https://files.pythonhosted.org/packages/ea/91/74fc60d94488685a92ac9d49d7ec55f3e91fe9b77942a6235a5fa7f249c3/polars-1.40.1-py3-none-any.whl", hash = "sha256:c0f861219d1319cdea45c4ce4d30355a47176b8f98dcedf95ea8269f131b8abd", size = 828723, upload-time = "2026-04-22T19:14:25.452Z" },
]

[[package]]
name = "polars-runtime-32"
version = "1.40.1"
source = { registry = "https://pypi.org/simple" }
sdist = { url = "https://files.pythonhosted.org/packages/54/ba/26d40f039be9f552b5fd7365a621bdfc0f8e912ef77094ae4693491b0bae/polars_runtime_32-1.40.1.tar.gz", hash = "sha256:37f3065615d1bf90d03b5326222df4c5c1f8a5d33e50470aa588e3465e6eb814", size = 2935843, upload-time = "2026-04-22T19:15:57.26Z" }
wheels = [
    { url = "https://files.pythonhosted.org/packages/7d/46/22c8af5eed68ac2eeb556e0fa3ca8a7b798e984ceff4450888f3b5ac61fd/polars_runtime_32-1.40.1-cp310-abi3-macosx_10_12_x86_64.whl", hash = "sha256:b748ef652270cc49e9e69f99a035e0eb4d5f856d42bcd6ac4d9d80a40142aa1e", size = 52098755, upload-time = "2026-04-22T19:14:28.555Z" },
    { url = "https://files.pythonhosted.org/packages/c6/3e/48599a38009ca60ff82a6f38c8a621ce3c0286aa7397c7d79e741bd9060e/polars_runtime_32-1.40.1-cp310-abi3-macosx_11_0_arm64.whl", hash = "sha256:d249b3743e05986060cec0a7aaa542d020df6c6b876e556023a310efd581f9be", size = 46367542, upload-time = "2026-04-22T19:14:32.433Z" },
    { url = "https://files.pythonhosted.org/packages/43/e9/384bc069367a1a36ee31c13782c178dbd039b2b873b772d4a0fc23a2373d/polars_runtime_32-1.40.1-cp310-abi3-manylinux_2_17_aarch64.manylinux2014_aarch64.whl", hash = "sha256:5987b30e7aa1059d069498496e8dda35afd592b0ac3d46ed87e3ff8df1ad652c", size = 50252104, upload-time = "2026-04-22T19:14:35.945Z" },
    { url = "https://files.pythonhosted.org/packages/15/ef/7d57ceb0651af74194e97ed6583e148d352f03d696090221b8059cdfc90b/polars_runtime_32-1.40.1-cp310-abi3-manylinux_2_17_x86_64.manylinux2014_x86_64.whl", hash = "sha256:8d7f42a8b3f16fc66002cc0f6516f7dd7653396886ae0ed362ab95c0b3408b59", size = 56250788, upload-time = "2026-04-22T19:14:39.743Z" },
    { url = "https://files.pythonhosted.org/packages/10/0f/e4b3ffc748827a14a474ec9c42e45c066050e440fec57e914091d9adda75/polars_runtime_32-1.40.1-cp310-abi3-musllinux_1_2_aarch64.whl", hash = "sha256:e5f7becc237a7ec9d9a10878dc8e54b73bbf4e2d94a2991c37d7a0b38590d8f9", size = 50432590, upload-time = "2026-04-22T19:14:43.388Z" },
    { url = "https://files.pythonhosted.org/packages/d9/0b/b8d95fbed869fa4caabe9c400e4210374913b376e925e96fdcfa9be6416b/polars_runtime_32-1.40.1-cp310-abi3-musllinux_1_2_x86_64.whl", hash = "sha256:992d14cf191dde043d36fbdbc98a65e43fbc7e9a5024cecd45f838ac4988c1ee", size = 54155564, upload-time = "2026-04-22T19:14:47.239Z" },
    { url = "https://files.pythonhosted.org/packages/06/d9/d091d8fb5cbed5e9536adfed955c4c89987a4cc3b8e73ae4532402b91c74/polars_runtime_32-1.40.1-cp310-abi3-win_amd64.whl", hash = "sha256:f78bb2abd00101cbb23cc0cb068f7e36e081057a15d2ec2dde3dda280709f030", size = 51829755, upload-time = "2026-04-22T19:14:50.85Z" },
    { url = "https://files.pythonhosted.org/packages/65/ad/b33c3022a394f3eb55c3310597cec615412a8a33880055eee191d154a628/polars_runtime_32-1.40.1-cp310-abi3-win_arm64.whl", hash = "sha256:b5cbfaf6b085b420b4bfcbe24e8f665076d1cccfdb80c0484c02a023ce205537", size = 45822104, upload-time = "2026-04-22T19:14:54.192Z" },
]

[[package]]
name = "pygments"
version = "2.19.2"
source = { registry = "https://pypi.org/simple" }
sdist = { url = "https://files.pythonhosted.org/packages/b0/77/a5b8c569bf593b0140bde72ea885a803b82086995367bf2037de0159d924/pygments-2.19.2.tar.gz", hash = "sha256:636cb2477cec7f8952536970bc533bc43743542f70392ae026374600add5b887", size = 4968631, upload-time = "2025-06-21T13:39:12.283Z" }
wheels = [
    { url = "https://files.pythonhosted.org/packages/c7/21/705964c7812476f378728bdf590ca4b771ec72385c533964653c68e86bdc/pygments-2.19.2-py3-none-any.whl", hash = "sha256:86540386c03d588bb81d44bc3928634ff26449851e99741617ecb9037ee5ec0b", size = 1225217, upload-time = "2025-06-21T13:39:07.939Z" },
]

[[package]]
name = "pytest"
version = "9.0.2"
source = { registry = "https://pypi.org/simple" }
dependencies = [
    { name = "colorama", marker = "sys_platform == 'win32'" },
    { name = "iniconfig" },
    { name = "packaging" },
    { name = "pluggy" },
    { name = "pygments" },
]
sdist = { url = "https://files.pythonhosted.org/packages/d1/db/7ef3487e0fb0049ddb5ce41d3a49c235bf9ad299b6a25d5780a89f19230f/pytest-9.0.2.tar.gz", hash = "sha256:75186651a92bd89611d1d9fc20f0b4345fd827c41ccd5c299a868a05d70edf11", size = 1568901, upload-time = "2025-12-06T21:30:51.014Z" }
wheels = [
    { url = "https://files.pythonhosted.org/packages/3b/ab/b3226f0bd7cdcf710fbede2b3548584366da3b19b5021e74f5bde2a8fa3f/pytest-9.0.2-py3-none-any.whl", hash = "sha256:711ffd45bf766d5264d487b917733b453d917afd2b0ad65223959f59089f875b", size = 374801, upload-time = "2025-12-06T21:30:49.154Z" },
]

[[package]]
name = "tqdm"
version = "4.67.3"
source = { registry = "https://pypi.org/simple" }
dependencies = [
    { name = "colorama", marker = "sys_platform == 'win32'" },
]
sdist = { url = "https://files.pythonhosted.org/packages/09/a9/6ba95a270c6f1fbcd8dac228323f2777d886cb206987444e4bce66338dd4/tqdm-4.67.3.tar.gz", hash = "sha256:7d825f03f89244ef73f1d4ce193cb1774a8179fd96f31d7e1dcde62092b960bb", size = 169598, upload-time = "2026-02-03T17:35:53.048Z" }
wheels = [
    { url = "https://files.pythonhosted.org/packages/16/e1/3079a9ff9b8e11b846c6ac5c8b5bfb7ff225eee721825310c91b3b50304f/tqdm-4.67.3-py3-none-any.whl", hash = "sha256:ee1e4c0e59148062281c49d80b25b67771a127c85fc9676d3be5f243206826bf", size = 78374, upload-time = "2026-02-03T17:35:50.982Z" },
]
